
Microsoft Visual Studio Solution File, Format Version 12.00
# Visual Studio 15
VisualStudioVersion = 15.0.28307.1231
MinimumVisualStudioVersion = 10.0.40219.1
Project("{FAE04EC0-301F-11D3-BF4B-00C04F79EFBC}") = "Chapter14", "Chapter14\Chapter14.csproj", "{D20CD1BB-9593-4215-B237-29B81D7EA234}"
EndProject
Global
	GlobalSection(SolutionConfigurationPlatforms) = preSolution
		Debug|Any CPU = Debug|Any CPU
		Release|Any CPU = Release|Any CPU
	EndGlobalSection
	GlobalSection(ProjectConfigurationPlatforms) = postSolution
		{D20CD1BB-9593-4215-B237-29B81D7EA234}.Debug|Any CPU.ActiveCfg = Debug|Any CPU
		{D20CD1BB-9593-4215-B237-29B81D7EA234}.Debug|Any CPU.Build.0 = Debug|Any CPU
		{D20CD1BB-9593-4215-B237-29B81D7EA234}.Release|Any CPU.ActiveCfg = Release|Any CPU
		{D20CD1BB-9593-4215-B237-29B81D7EA234}.Release|Any CPU.Build.0 = Release|Any CPU
	EndGlobalSection
	GlobalSection(SolutionProperties) = preSolution
		HideSolutionNode = FALSE
	EndGlobalSection
	GlobalSection(ExtensibilityGlobals) = postSolution
		SolutionGuid = {7E72AABF-24F3-4ABB-A75D-FDFD6FEF2D5A}
	EndGlobalSection
EndGlobal
