
Microsoft Visual Studio Solution File, Format Version 12.00
# Visual Studio 15
VisualStudioVersion = 15.0.28307.1231
MinimumVisualStudioVersion = 10.0.40219.1
Project("{FAE04EC0-301F-11D3-BF4B-00C04F79EFBC}") = "Chapter13", "Chapter13\Chapter13.csproj", "{FF3FA5CC-CD09-4656-B8A3-619BE2D01304}"
EndProject
Global
	GlobalSection(SolutionConfigurationPlatforms) = preSolution
		Debug|Any CPU = Debug|Any CPU
		Release|Any CPU = Release|Any CPU
	EndGlobalSection
	GlobalSection(ProjectConfigurationPlatforms) = postSolution
		{FF3FA5CC-CD09-4656-B8A3-619BE2D01304}.Debug|Any CPU.ActiveCfg = Debug|Any CPU
		{FF3FA5CC-CD09-4656-B8A3-619BE2D01304}.Debug|Any CPU.Build.0 = Debug|Any CPU
		{FF3FA5CC-CD09-4656-B8A3-619BE2D01304}.Release|Any CPU.ActiveCfg = Release|Any CPU
		{FF3FA5CC-CD09-4656-B8A3-619BE2D01304}.Release|Any CPU.Build.0 = Release|Any CPU
	EndGlobalSection
	GlobalSection(SolutionProperties) = preSolution
		HideSolutionNode = FALSE
	EndGlobalSection
	GlobalSection(ExtensibilityGlobals) = postSolution
		SolutionGuid = {D5B0E639-FFF2-45ED-B2BA-D04E5CC8E5AB}
	EndGlobalSection
EndGlobal
