
Microsoft Visual Studio Solution File, Format Version 12.00
# Visual Studio 15
VisualStudioVersion = 15.0.28307.1231
MinimumVisualStudioVersion = 10.0.40219.1
Project("{FAE04EC0-301F-11D3-BF4B-00C04F79EFBC}") = "Chapter05", "Chapter05\Chapter05.csproj", "{F9C55CB7-1848-4CA9-86BC-8E537AA4487F}"
EndProject
Global
	GlobalSection(SolutionConfigurationPlatforms) = preSolution
		Debug|Any CPU = Debug|Any CPU
		Release|Any CPU = Release|Any CPU
	EndGlobalSection
	GlobalSection(ProjectConfigurationPlatforms) = postSolution
		{F9C55CB7-1848-4CA9-86BC-8E537AA4487F}.Debug|Any CPU.ActiveCfg = Debug|Any CPU
		{F9C55CB7-1848-4CA9-86BC-8E537AA4487F}.Debug|Any CPU.Build.0 = Debug|Any CPU
		{F9C55CB7-1848-4CA9-86BC-8E537AA4487F}.Release|Any CPU.ActiveCfg = Release|Any CPU
		{F9C55CB7-1848-4CA9-86BC-8E537AA4487F}.Release|Any CPU.Build.0 = Release|Any CPU
	EndGlobalSection
	GlobalSection(SolutionProperties) = preSolution
		HideSolutionNode = FALSE
	EndGlobalSection
	GlobalSection(ExtensibilityGlobals) = postSolution
		SolutionGuid = {D1F8D33D-73DB-4B6F-8447-E12BB0175E7B}
	EndGlobalSection
EndGlobal
